
Microsoft Visual Studio Solution File, Format Version 12.00
# Visual Studio Version 17
VisualStudioVersion = 17.3.32811.315
MinimumVisualStudioVersion = 10.0.40219.1
Project("{8BC9CEB8-8B4A-11D0-8D11-00A0C91BC942}") = "Arduino uno", "Arduino uno\Arduino uno.vcxproj", "{9B2619CD-341A-4C26-8AD7-7CA5027A401A}"
EndProject
Global
	GlobalSection(SolutionConfigurationPlatforms) = preSolution
		Debug|x64 = Debug|x64
		Debug|x86 = Debug|x86
		Release|x64 = Release|x64
		Release|x86 = Release|x86
	EndGlobalSection
	GlobalSection(ProjectConfigurationPlatforms) = postSolution
		{9B2619CD-341A-4C26-8AD7-7CA5027A401A}.Debug|x64.ActiveCfg = Debug|x64
		{9B2619CD-341A-4C26-8AD7-7CA5027A401A}.Debug|x64.Build.0 = Debug|x64
		{9B2619CD-341A-4C26-8AD7-7CA5027A401A}.Debug|x86.ActiveCfg = Debug|Win32
		{9B2619CD-341A-4C26-8AD7-7CA5027A401A}.Debug|x86.Build.0 = Debug|Win32
		{9B2619CD-341A-4C26-8AD7-7CA5027A401A}.Release|x64.ActiveCfg = Release|x64
		{9B2619CD-341A-4C26-8AD7-7CA5027A401A}.Release|x64.Build.0 = Release|x64
		{9B2619CD-341A-4C26-8AD7-7CA5027A401A}.Release|x86.ActiveCfg = Release|Win32
		{9B2619CD-341A-4C26-8AD7-7CA5027A401A}.Release|x86.Build.0 = Release|Win32
	EndGlobalSection
	GlobalSection(SolutionProperties) = preSolution
		HideSolutionNode = FALSE
	EndGlobalSection
	GlobalSection(ExtensibilityGlobals) = postSolution
		SolutionGuid = {93C96525-FB49-4447-AEB7-A150B549ED33}
	EndGlobalSection
EndGlobal
